{
  "nodes": {
    "nixpkgs": {
      "locked": {
        "lastModified": 1755263161,
        "narHash": "sha256-2+hKb0Xp8OJ1s3zxWOyYqMgxxiNltLHFE4G7/gaZu/s=",
        "owner": "NixOS",
        "repo": "nixpkgs",
        "rev": "e700346e3723331fc9eff7add88530a9c623e1bc",
        "type": "github"
      },
      "original": {
        "owner": "NixOS",
        "repo": "nixpkgs",
        "type": "github"
      }
    },
    "root": {
      "inputs": {
        "nixpkgs": "nixpkgs"
      }
    }
  },
  "root": "root",
  "version": 7
}
